
Microsoft Visual Studio Solution File, Format Version 12.00
# Visual Studio Version 17
VisualStudioVersion = 17.8.34330.188
MinimumVisualStudioVersion = 10.0.40219.1
Project("{FAE04EC0-301F-11D3-BF4B-00C04F79EFBC}") = "Mocknity", "Mocknity\Mocknity.csproj", "{8409D06E-4FE2-4400-8DDD-8AE879B3DDAC}"
EndProject
Project("{FAE04EC0-301F-11D3-BF4B-00C04F79EFBC}") = "MocknityTests", "MocknityTests\MocknityTests.csproj", "{A8CA76E7-27D2-478E-ACCD-C1D3D5124C0B}"
EndProject
Project("{FAE04EC0-301F-11D3-BF4B-00C04F79EFBC}") = "Unity.Extensions", "Unity.Extensions\Unity.Extensions.csproj", "{1B510C49-826B-4600-AB39-3AE09735CB14}"
EndProject
Project("{FAE04EC0-301F-11D3-BF4B-00C04F79EFBC}") = "Unity.Extensions.Tests", "Unity.Extensions.Tests\Unity.Extensions.Tests.csproj", "{662A2632-3120-4E93-932A-73FEBE99430D}"
EndProject
Global
	GlobalSection(SolutionConfigurationPlatforms) = preSolution
		Debug|Any CPU = Debug|Any CPU
		Debug|x64 = Debug|x64
		Debug|x86 = Debug|x86
		Release|Any CPU = Release|Any CPU
		Release|x64 = Release|x64
		Release|x86 = Release|x86
	EndGlobalSection
	GlobalSection(ProjectConfigurationPlatforms) = postSolution
		{8409D06E-4FE2-4400-8DDD-8AE879B3DDAC}.Debug|Any CPU.ActiveCfg = Debug|Any CPU
		{8409D06E-4FE2-4400-8DDD-8AE879B3DDAC}.Debug|Any CPU.Build.0 = Debug|Any CPU
		{8409D06E-4FE2-4400-8DDD-8AE879B3DDAC}.Debug|x64.ActiveCfg = Debug|x64
		{8409D06E-4FE2-4400-8DDD-8AE879B3DDAC}.Debug|x64.Build.0 = Debug|x64
		{8409D06E-4FE2-4400-8DDD-8AE879B3DDAC}.Debug|x86.ActiveCfg = Debug|x86
		{8409D06E-4FE2-4400-8DDD-8AE879B3DDAC}.Debug|x86.Build.0 = Debug|x86
		{8409D06E-4FE2-4400-8DDD-8AE879B3DDAC}.Release|Any CPU.ActiveCfg = Release|Any CPU
		{8409D06E-4FE2-4400-8DDD-8AE879B3DDAC}.Release|Any CPU.Build.0 = Release|Any CPU
		{8409D06E-4FE2-4400-8DDD-8AE879B3DDAC}.Release|x64.ActiveCfg = Release|x64
		{8409D06E-4FE2-4400-8DDD-8AE879B3DDAC}.Release|x64.Build.0 = Release|x64
		{8409D06E-4FE2-4400-8DDD-8AE879B3DDAC}.Release|x86.ActiveCfg = Release|x86
		{8409D06E-4FE2-4400-8DDD-8AE879B3DDAC}.Release|x86.Build.0 = Release|x86
		{A8CA76E7-27D2-478E-ACCD-C1D3D5124C0B}.Debug|Any CPU.ActiveCfg = Debug|Any CPU
		{A8CA76E7-27D2-478E-ACCD-C1D3D5124C0B}.Debug|Any CPU.Build.0 = Debug|Any CPU
		{A8CA76E7-27D2-478E-ACCD-C1D3D5124C0B}.Debug|x64.ActiveCfg = Debug|x64
		{A8CA76E7-27D2-478E-ACCD-C1D3D5124C0B}.Debug|x64.Build.0 = Debug|x64
		{A8CA76E7-27D2-478E-ACCD-C1D3D5124C0B}.Debug|x86.ActiveCfg = Debug|x86
		{A8CA76E7-27D2-478E-ACCD-C1D3D5124C0B}.Debug|x86.Build.0 = Debug|x86
		{A8CA76E7-27D2-478E-ACCD-C1D3D5124C0B}.Release|Any CPU.ActiveCfg = Release|Any CPU
		{A8CA76E7-27D2-478E-ACCD-C1D3D5124C0B}.Release|Any CPU.Build.0 = Release|Any CPU
		{A8CA76E7-27D2-478E-ACCD-C1D3D5124C0B}.Release|x64.ActiveCfg = Release|x64
		{A8CA76E7-27D2-478E-ACCD-C1D3D5124C0B}.Release|x64.Build.0 = Release|x64
		{A8CA76E7-27D2-478E-ACCD-C1D3D5124C0B}.Release|x86.ActiveCfg = Release|x86
		{A8CA76E7-27D2-478E-ACCD-C1D3D5124C0B}.Release|x86.Build.0 = Release|x86
		{1B510C49-826B-4600-AB39-3AE09735CB14}.Debug|Any CPU.ActiveCfg = Debug|Any CPU
		{1B510C49-826B-4600-AB39-3AE09735CB14}.Debug|Any CPU.Build.0 = Debug|Any CPU
		{1B510C49-826B-4600-AB39-3AE09735CB14}.Debug|x64.ActiveCfg = Debug|x64
		{1B510C49-826B-4600-AB39-3AE09735CB14}.Debug|x64.Build.0 = Debug|x64
		{1B510C49-826B-4600-AB39-3AE09735CB14}.Debug|x86.ActiveCfg = Debug|x86
		{1B510C49-826B-4600-AB39-3AE09735CB14}.Debug|x86.Build.0 = Debug|x86
		{1B510C49-826B-4600-AB39-3AE09735CB14}.Release|Any CPU.ActiveCfg = Release|Any CPU
		{1B510C49-826B-4600-AB39-3AE09735CB14}.Release|Any CPU.Build.0 = Release|Any CPU
		{1B510C49-826B-4600-AB39-3AE09735CB14}.Release|x64.ActiveCfg = Release|x64
		{1B510C49-826B-4600-AB39-3AE09735CB14}.Release|x64.Build.0 = Release|x64
		{1B510C49-826B-4600-AB39-3AE09735CB14}.Release|x86.ActiveCfg = Release|x86
		{1B510C49-826B-4600-AB39-3AE09735CB14}.Release|x86.Build.0 = Release|x86
		{662A2632-3120-4E93-932A-73FEBE99430D}.Debug|Any CPU.ActiveCfg = Debug|Any CPU
		{662A2632-3120-4E93-932A-73FEBE99430D}.Debug|Any CPU.Build.0 = Debug|Any CPU
		{662A2632-3120-4E93-932A-73FEBE99430D}.Debug|x64.ActiveCfg = Debug|x64
		{662A2632-3120-4E93-932A-73FEBE99430D}.Debug|x64.Build.0 = Debug|x64
		{662A2632-3120-4E93-932A-73FEBE99430D}.Debug|x86.ActiveCfg = Debug|x86
		{662A2632-3120-4E93-932A-73FEBE99430D}.Debug|x86.Build.0 = Debug|x86
		{662A2632-3120-4E93-932A-73FEBE99430D}.Release|Any CPU.ActiveCfg = Release|Any CPU
		{662A2632-3120-4E93-932A-73FEBE99430D}.Release|Any CPU.Build.0 = Release|Any CPU
		{662A2632-3120-4E93-932A-73FEBE99430D}.Release|x64.ActiveCfg = Release|x64
		{662A2632-3120-4E93-932A-73FEBE99430D}.Release|x64.Build.0 = Release|x64
		{662A2632-3120-4E93-932A-73FEBE99430D}.Release|x86.ActiveCfg = Release|x86
		{662A2632-3120-4E93-932A-73FEBE99430D}.Release|x86.Build.0 = Release|x86
	EndGlobalSection
	GlobalSection(SolutionProperties) = preSolution
		HideSolutionNode = FALSE
	EndGlobalSection
	GlobalSection(ExtensibilityGlobals) = postSolution
		SolutionGuid = {AD157B9A-A37A-4C20-8ADD-7C926F002FA2}
	EndGlobalSection
	GlobalSection(TestCaseManagementSettings) = postSolution
		CategoryFile = Mocknity2.vsmdi
	EndGlobalSection
EndGlobal
