
Microsoft Visual Studio Solution File, Format Version 11.00
# Visual Studio 2010
Project("{FAE04EC0-301F-11D3-BF4B-00C04F79EFBC}") = "Mocknity2010", "Mocknity\Mocknity2010.csproj", "{F5CFBBC2-3AED-47A9-8559-BB4E08B179DF}"
EndProject
Project("{FAE04EC0-301F-11D3-BF4B-00C04F79EFBC}") = "MocknityTests2010", "MocknityTests\MocknityTests2010.csproj", "{2AEE23DA-6DFD-45F8-BD9C-55CC204C4C3B}"
	ProjectSection(ProjectDependencies) = postProject
		{F5CFBBC2-3AED-47A9-8559-BB4E08B179DF} = {F5CFBBC2-3AED-47A9-8559-BB4E08B179DF}
	EndProjectSection
EndProject
Project("{FAE04EC0-301F-11D3-BF4B-00C04F79EFBC}") = "Unity.2010", "Unity.2.1.505.2-Source-and-Symbols\Source\Unity\Src\Unity.2010.csproj", "{EE1F752C-1FAB-41AD-AD63-857D0E62AB6B}"
EndProject
Global
	GlobalSection(TeamFoundationVersionControl) = preSolution
		SccNumberOfProjects = 1
		SccEnterpriseProvider = {4CA58AB2-18FA-4F8D-95D4-32DDF27D184C}
		SccTeamFoundationServer = http://spbtfs01:8080/
		SccProjectUniqueName0 = Mocknity\\Mocknity2010.csproj
		SccProjectName0 = Mocknity
		SccAuxPath0 = http://spbtfs01:8080
		SccLocalPath0 = Mocknity
		SccProvider0 = {4CA58AB2-18FA-4F8D-95D4-32DDF27D184C}
	EndGlobalSection
	GlobalSection(TestCaseManagementSettings) = postSolution
		CategoryFile = Mocknity2.vsmdi
	EndGlobalSection
	GlobalSection(SolutionConfigurationPlatforms) = preSolution
		Debug|Any CPU = Debug|Any CPU
		Release|Any CPU = Release|Any CPU
	EndGlobalSection
	GlobalSection(ProjectConfigurationPlatforms) = postSolution
		{F5CFBBC2-3AED-47A9-8559-BB4E08B179DF}.Debug|Any CPU.ActiveCfg = Debug|Any CPU
		{F5CFBBC2-3AED-47A9-8559-BB4E08B179DF}.Debug|Any CPU.Build.0 = Debug|Any CPU
		{F5CFBBC2-3AED-47A9-8559-BB4E08B179DF}.Release|Any CPU.ActiveCfg = Release|Any CPU
		{F5CFBBC2-3AED-47A9-8559-BB4E08B179DF}.Release|Any CPU.Build.0 = Release|Any CPU
		{2AEE23DA-6DFD-45F8-BD9C-55CC204C4C3B}.Debug|Any CPU.ActiveCfg = Debug|Any CPU
		{2AEE23DA-6DFD-45F8-BD9C-55CC204C4C3B}.Debug|Any CPU.Build.0 = Debug|Any CPU
		{2AEE23DA-6DFD-45F8-BD9C-55CC204C4C3B}.Release|Any CPU.ActiveCfg = Release|Any CPU
		{2AEE23DA-6DFD-45F8-BD9C-55CC204C4C3B}.Release|Any CPU.Build.0 = Release|Any CPU
		{EE1F752C-1FAB-41AD-AD63-857D0E62AB6B}.Debug|Any CPU.ActiveCfg = Debug|Any CPU
		{EE1F752C-1FAB-41AD-AD63-857D0E62AB6B}.Debug|Any CPU.Build.0 = Debug|Any CPU
		{EE1F752C-1FAB-41AD-AD63-857D0E62AB6B}.Release|Any CPU.ActiveCfg = Release|Any CPU
		{EE1F752C-1FAB-41AD-AD63-857D0E62AB6B}.Release|Any CPU.Build.0 = Release|Any CPU
	EndGlobalSection
	GlobalSection(SolutionProperties) = preSolution
		HideSolutionNode = FALSE
	EndGlobalSection
	GlobalSection(ExtensibilityGlobals) = postSolution
		EnterpriseLibraryConfigurationToolBinariesPath = packages\Unity.2.1.505.2\lib\NET35
	EndGlobalSection
EndGlobal
